
Microsoft Visual Studio Solution File, Format Version 12.00
# Visual Studio Version 17
VisualStudioVersion = 17.4.33213.308
MinimumVisualStudioVersion = 10.0.40219.1
Project("{FAE04EC0-301F-11D3-BF4B-00C04F79EFBC}") = "Week14OOP", "Week14OOP\Week14OOP.csproj", "{CA23DBC8-9B1B-4222-9CA6-6B27ECA0BB33}"
EndProject
Project("{FAE04EC0-301F-11D3-BF4B-00C04F79EFBC}") = "Week14testCAT", "Week14testCAT\Week14testCAT.csproj", "{3EACE11D-D43C-49AA-A8BF-07855365B467}"
EndProject
Global
	GlobalSection(SolutionConfigurationPlatforms) = preSolution
		Debug|Any CPU = Debug|Any CPU
		Release|Any CPU = Release|Any CPU
	EndGlobalSection
	GlobalSection(ProjectConfigurationPlatforms) = postSolution
		{CA23DBC8-9B1B-4222-9CA6-6B27ECA0BB33}.Debug|Any CPU.ActiveCfg = Debug|Any CPU
		{CA23DBC8-9B1B-4222-9CA6-6B27ECA0BB33}.Debug|Any CPU.Build.0 = Debug|Any CPU
		{CA23DBC8-9B1B-4222-9CA6-6B27ECA0BB33}.Release|Any CPU.ActiveCfg = Release|Any CPU
		{CA23DBC8-9B1B-4222-9CA6-6B27ECA0BB33}.Release|Any CPU.Build.0 = Release|Any CPU
		{3EACE11D-D43C-49AA-A8BF-07855365B467}.Debug|Any CPU.ActiveCfg = Debug|Any CPU
		{3EACE11D-D43C-49AA-A8BF-07855365B467}.Debug|Any CPU.Build.0 = Debug|Any CPU
		{3EACE11D-D43C-49AA-A8BF-07855365B467}.Release|Any CPU.ActiveCfg = Release|Any CPU
		{3EACE11D-D43C-49AA-A8BF-07855365B467}.Release|Any CPU.Build.0 = Release|Any CPU
	EndGlobalSection
	GlobalSection(SolutionProperties) = preSolution
		HideSolutionNode = FALSE
	EndGlobalSection
	GlobalSection(ExtensibilityGlobals) = postSolution
		SolutionGuid = {E6A23083-68D1-4AB9-9370-CEFE185E0E84}
	EndGlobalSection
EndGlobal
